{
  "version": 4,
  "terraform_version": "0.12.20",
  "serial": 161,
  "lineage": "329906e1-7079-3d16-8fef-c38faa7feb73",
  "outputs": {
    "account_id": {
      "value": "458034212401",
      "type": "string"
    }
  },
  "resources": [
    {
      "mode": "data",
      "type": "archive_file",
      "name": "get_event_zip",
      "provider": "provider.archive",
      "instances": [
        {
          "schema_version": 0,
          "attributes": {
            "excludes": null,
            "id": "3ef865aa3d2a3a4896eb53a9f0446c686146ad81",
            "output_base64sha256": "8tKIpVselUGapGeiJO9nm13lvvIap8agbZ8zvPc+zXI=",
            "output_md5": "7fe89cd6021477b65abddad71f87adc2",
            "output_path": "get_calendar_event.zip",
            "output_sha": "3ef865aa3d2a3a4896eb53a9f0446c686146ad81",
            "output_size": 495,
            "source": [],
            "source_content": null,
            "source_content_filename": null,
            "source_dir": null,
            "source_file": "index.js",
            "type": "zip"
          }
        }
      ]
    },
    {
      "mode": "data",
      "type": "aws_caller_identity",
      "name": "current",
      "provider": "provider.aws",
      "instances": [
        {
          "schema_version": 0,
          "attributes": {
            "account_id": "458034212401",
            "arn": "arn:aws:iam::458034212401:user/terraform",
            "id": "2020-03-09 04:39:13.5525714 +0000 UTC",
            "user_id": "AIDAWVJHXNYYTFMN3XHQE"
          }
        }
      ]
    },
    {
      "mode": "managed",
      "type": "aws_api_gateway_integration",
      "name": "calendar_event_get_integration",
      "provider": "provider.aws",
      "instances": [
        {
          "schema_version": 0,
          "attributes": {
            "cache_key_parameters": [],
            "cache_namespace": "2c90fq",
            "connection_id": "",
            "connection_type": "INTERNET",
            "content_handling": "",
            "credentials": "",
            "http_method": "GET",
            "id": "agi-i2xqcckk53-2c90fq-GET",
            "integration_http_method": "POST",
            "passthrough_behavior": "WHEN_NO_MATCH",
            "request_parameters": {},
            "request_parameters_in_json": null,
            "request_templates": {
              "application/json": "{\r\n   \"id\" : \"$input.params('id')\"\r\n}\r\n"
            },
            "resource_id": "2c90fq",
            "rest_api_id": "i2xqcckk53",
            "timeout_milliseconds": 29000,
            "type": "AWS",
            "uri": "arn:aws:apigateway:us-east-1:lambda:path/2015-03-31/functions/arn:aws:lambda:us-east-1:458034212401:function:get_calendar_event/invocations"
          },
          "private": "bnVsbA==",
          "dependencies": [
            "aws_api_gateway_method.calendar_event",
            "aws_api_gateway_resource.calendar_resource",
            "aws_api_gateway_rest_api.ropc_api",
            "aws_iam_role.iam_for_lambda",
            "aws_lambda_function.get_calendar_event"
          ]
        }
      ]
    },
    {
      "mode": "managed",
      "type": "aws_api_gateway_integration_response",
      "name": "MyDemoIntegrationResponse",
      "provider": "provider.aws",
      "instances": [
        {
          "schema_version": 0,
          "attributes": {
            "content_handling": "",
            "http_method": "GET",
            "id": "agir-i2xqcckk53-2c90fq-GET-200",
            "resource_id": "2c90fq",
            "response_parameters": null,
            "response_parameters_in_json": null,
            "response_templates": null,
            "rest_api_id": "i2xqcckk53",
            "selection_pattern": "",
            "status_code": "200"
          },
          "private": "bnVsbA==",
          "dependencies": [
            "aws_api_gateway_method.calendar_event",
            "aws_api_gateway_method_response.response_200",
            "aws_api_gateway_resource.calendar_resource",
            "aws_api_gateway_rest_api.ropc_api"
          ]
        }
      ]
    },
    {
      "mode": "managed",
      "type": "aws_api_gateway_method",
      "name": "calendar_event",
      "provider": "provider.aws",
      "instances": [
        {
          "schema_version": 0,
          "attributes": {
            "api_key_required": false,
            "authorization": "NONE",
            "authorization_scopes": [],
            "authorizer_id": "",
            "http_method": "GET",
            "id": "agm-i2xqcckk53-2c90fq-GET",
            "request_models": {},
            "request_parameters": {},
            "request_parameters_in_json": null,
            "request_validator_id": "",
            "resource_id": "2c90fq",
            "rest_api_id": "i2xqcckk53"
          },
          "private": "bnVsbA==",
          "dependencies": [
            "aws_api_gateway_resource.calendar_resource",
            "aws_api_gateway_rest_api.ropc_api"
          ]
        }
      ]
    },
    {
      "mode": "managed",
      "type": "aws_api_gateway_method_response",
      "name": "response_200",
      "provider": "provider.aws",
      "instances": [
        {
          "schema_version": 0,
          "attributes": {
            "http_method": "GET",
            "id": "agmr-i2xqcckk53-2c90fq-GET-200",
            "resource_id": "2c90fq",
            "response_models": null,
            "response_parameters": null,
            "response_parameters_in_json": null,
            "rest_api_id": "i2xqcckk53",
            "status_code": "200"
          },
          "private": "bnVsbA==",
          "dependencies": [
            "aws_api_gateway_method.calendar_event",
            "aws_api_gateway_resource.calendar_resource",
            "aws_api_gateway_rest_api.ropc_api"
          ]
        }
      ]
    },
    {
      "mode": "managed",
      "type": "aws_api_gateway_resource",
      "name": "calendar_resource",
      "provider": "provider.aws",
      "instances": [
        {
          "schema_version": 0,
          "attributes": {
            "id": "2c90fq",
            "parent_id": "bswuflgyvk",
            "path": "/calendar",
            "path_part": "calendar",
            "rest_api_id": "i2xqcckk53"
          },
          "private": "bnVsbA==",
          "dependencies": [
            "aws_api_gateway_rest_api.ropc_api"
          ]
        }
      ]
    },
    {
      "mode": "managed",
      "type": "aws_api_gateway_rest_api",
      "name": "ropc_api",
      "provider": "provider.aws",
      "instances": [
        {
          "schema_version": 0,
          "attributes": {
            "api_key_source": "HEADER",
            "arn": "arn:aws:apigateway:us-east-1::/restapis/i2xqcckk53",
            "binary_media_types": [],
            "body": null,
            "created_date": "2020-03-09T04:31:23Z",
            "description": "",
            "endpoint_configuration": [
              {
                "types": [
                  "REGIONAL"
                ],
                "vpc_endpoint_ids": []
              }
            ],
            "execution_arn": "arn:aws:execute-api:us-east-1:458034212401:i2xqcckk53",
            "id": "i2xqcckk53",
            "minimum_compression_size": -1,
            "name": "ropc_api",
            "policy": "",
            "root_resource_id": "bswuflgyvk",
            "tags": {}
          },
          "private": "bnVsbA=="
        }
      ]
    },
    {
      "mode": "managed",
      "type": "aws_dynamodb_table",
      "name": "ropc_dynamodb_table",
      "provider": "provider.aws",
      "instances": [
        {
          "schema_version": 1,
          "attributes": {
            "arn": "arn:aws:dynamodb:us-east-1:458034212401:table/ropc",
            "attribute": [
              {
                "name": "category",
                "type": "S"
              },
              {
                "name": "key",
                "type": "S"
              },
              {
                "name": "start",
                "type": "S"
              }
            ],
            "billing_mode": "PROVISIONED",
            "global_secondary_index": [
              {
                "hash_key": "category",
                "name": "ponyclub_by_start",
                "non_key_attributes": [
                  "key"
                ],
                "projection_type": "INCLUDE",
                "range_key": "start",
                "read_capacity": 5,
                "write_capacity": 1
              }
            ],
            "hash_key": "category",
            "id": "ropc",
            "local_secondary_index": [],
            "name": "ropc",
            "point_in_time_recovery": [
              {
                "enabled": false
              }
            ],
            "range_key": "key",
            "read_capacity": 5,
            "server_side_encryption": [],
            "stream_arn": "",
            "stream_enabled": false,
            "stream_label": "",
            "stream_view_type": "",
            "tags": {},
            "timeouts": null,
            "ttl": [
              {
                "attribute_name": "",
                "enabled": false
              }
            ],
            "write_capacity": 5
          },
          "private": "eyJlMmJmYjczMC1lY2FhLTExZTYtOGY4OC0zNDM2M2JjN2M0YzAiOnsiY3JlYXRlIjo2MDAwMDAwMDAwMDAsImRlbGV0ZSI6NjAwMDAwMDAwMDAwLCJ1cGRhdGUiOjM2MDAwMDAwMDAwMDB9LCJzY2hlbWFfdmVyc2lvbiI6IjEifQ=="
        }
      ]
    },
    {
      "mode": "managed",
      "type": "aws_dynamodb_table_item",
      "name": "item1",
      "provider": "provider.aws",
      "instances": [
        {
          "schema_version": 0,
          "attributes": {
            "hash_key": "category",
            "id": "ropc|category||calendar||key||79204eb6-d33f-40c9-a12e-af91803d362c|",
            "item": "    {\r\n    \"category\": {\"S\": \"calendar\"},\r\n    \"key\": {\"S\": \"79204eb6-d33f-40c9-a12e-af91803d362c\"},\r\n    \"title\": {\"S\": \"Badge Lesson\"},\r\n    \"start\": {\"S\": \"2020-03-01T17:00:00Z\"},\r\n    \"end\": {\"S\": \"2020-03-01T18:30:00Z\"},\r\n    \"all_day\": {\"S\": \"N\"},\r\n    \"details\": {\"S\": \"Badge Lesson at Looking Glass Farms on bandaging\"},\r\n    \"location\": {\"S\": \"81 County Rd 2000 E, Carlock, IL 61725\"}\r\n    }\r\n",
            "range_key": "key",
            "table_name": "ropc"
          },
          "private": "bnVsbA==",
          "dependencies": [
            "aws_dynamodb_table.ropc_dynamodb_table"
          ]
        }
      ]
    },
    {
      "mode": "managed",
      "type": "aws_iam_role",
      "name": "iam_for_lambda",
      "provider": "provider.aws",
      "instances": [
        {
          "schema_version": 0,
          "attributes": {
            "arn": "arn:aws:iam::458034212401:role/iam_for_lambda",
            "assume_role_policy": "{\"Version\":\"2012-10-17\",\"Statement\":[{\"Sid\":\"\",\"Effect\":\"Allow\",\"Principal\":{\"Service\":\"lambda.amazonaws.com\"},\"Action\":\"sts:AssumeRole\"}]}",
            "create_date": "2020-03-09T04:31:23Z",
            "description": "",
            "force_detach_policies": false,
            "id": "iam_for_lambda",
            "max_session_duration": 3600,
            "name": "iam_for_lambda",
            "name_prefix": null,
            "path": "/",
            "permissions_boundary": null,
            "tags": {},
            "unique_id": "AROAWVJHXNYYSBAUR7R6O"
          },
          "private": "bnVsbA=="
        }
      ]
    },
    {
      "mode": "managed",
      "type": "aws_iam_role",
      "name": "role",
      "provider": "provider.aws",
      "instances": [
        {
          "schema_version": 0,
          "attributes": {
            "arn": "arn:aws:iam::458034212401:role/run_lambda_role",
            "assume_role_policy": "{\"Version\":\"2012-10-17\",\"Statement\":[{\"Sid\":\"\",\"Effect\":\"Allow\",\"Principal\":{\"Service\":\"lambda.amazonaws.com\"},\"Action\":\"sts:AssumeRole\"}]}",
            "create_date": "2020-03-09T04:31:23Z",
            "description": "",
            "force_detach_policies": false,
            "id": "run_lambda_role",
            "max_session_duration": 3600,
            "name": "run_lambda_role",
            "name_prefix": null,
            "path": "/",
            "permissions_boundary": null,
            "tags": {},
            "unique_id": "AROAWVJHXNYYVA7UBIIFY"
          },
          "private": "bnVsbA=="
        }
      ]
    },
    {
      "mode": "managed",
      "type": "aws_iam_role_policy",
      "name": "gateway_lambda_policy",
      "provider": "provider.aws",
      "instances": [
        {
          "schema_version": 0,
          "attributes": {
            "id": "iam_for_lambda:dynamodb_lambda_policy",
            "name": "dynamodb_lambda_policy",
            "name_prefix": null,
            "policy": "{\r\n  \"Version\": \"2012-10-17\",\r\n  \"Statement\": [\r\n    {\r\n      \"Effect\": \"Allow\",\r\n      \"Action\": [\r\n        \"dynamodb:*\"\r\n      ],\r\n      \"Resource\": \"arn:aws:dynamodb:us-east-1:458034212401:table/ropc\"\r\n    }\r\n  ]\r\n}\r\n",
            "role": "iam_for_lambda"
          },
          "private": "bnVsbA==",
          "dependencies": [
            "aws_dynamodb_table.ropc_dynamodb_table",
            "aws_iam_role.iam_for_lambda"
          ]
        }
      ]
    },
    {
      "mode": "managed",
      "type": "aws_iam_role_policy",
      "name": "lambda_dynamo_policy",
      "provider": "provider.aws",
      "instances": [
        {
          "schema_version": 0,
          "attributes": {
            "id": "iam_for_lambda:dynamodb_lambda_policy",
            "name": "dynamodb_lambda_policy",
            "name_prefix": null,
            "policy": "{\r\n  \"Version\": \"2012-10-17\",\r\n  \"Statement\": [\r\n    {\r\n      \"Effect\": \"Allow\",\r\n      \"Action\": [\r\n        \"dynamodb:*\"\r\n      ],\r\n      \"Resource\": \"arn:aws:dynamodb:us-east-1:458034212401:table/ropc\"\r\n    }\r\n  ]\r\n}\r\n",
            "role": "iam_for_lambda"
          },
          "private": "bnVsbA==",
          "dependencies": [
            "aws_dynamodb_table.ropc_dynamodb_table",
            "aws_iam_role.iam_for_lambda"
          ]
        }
      ]
    },
    {
      "mode": "managed",
      "type": "aws_lambda_function",
      "name": "get_calendar_event",
      "provider": "provider.aws",
      "instances": [
        {
          "schema_version": 0,
          "attributes": {
            "arn": "arn:aws:lambda:us-east-1:458034212401:function:get_calendar_event",
            "dead_letter_config": [],
            "description": "",
            "environment": [],
            "filename": "get_calendar_event.zip",
            "function_name": "get_calendar_event",
            "handler": "index.handler",
            "id": "get_calendar_event",
            "invoke_arn": "arn:aws:apigateway:us-east-1:lambda:path/2015-03-31/functions/arn:aws:lambda:us-east-1:458034212401:function:get_calendar_event/invocations",
            "kms_key_arn": "",
            "last_modified": "2020-03-09T04:31:38.083+0000",
            "layers": [],
            "memory_size": 128,
            "publish": false,
            "qualified_arn": "arn:aws:lambda:us-east-1:458034212401:function:get_calendar_event:$LATEST",
            "reserved_concurrent_executions": -1,
            "role": "arn:aws:iam::458034212401:role/iam_for_lambda",
            "runtime": "nodejs12.x",
            "s3_bucket": null,
            "s3_key": null,
            "s3_object_version": null,
            "source_code_hash": "8tKIpVselUGapGeiJO9nm13lvvIap8agbZ8zvPc+zXI=",
            "source_code_size": 495,
            "tags": {},
            "timeout": 3,
            "timeouts": null,
            "tracing_config": [
              {
                "mode": "PassThrough"
              }
            ],
            "version": "$LATEST",
            "vpc_config": []
          },
          "private": "eyJlMmJmYjczMC1lY2FhLTExZTYtOGY4OC0zNDM2M2JjN2M0YzAiOnsiY3JlYXRlIjo2MDAwMDAwMDAwMDB9fQ==",
          "dependencies": [
            "aws_iam_role.iam_for_lambda"
          ]
        }
      ]
    },
    {
      "mode": "managed",
      "type": "aws_lambda_permission",
      "name": "gateway_invoke_get_lambda",
      "provider": "provider.aws",
      "instances": [
        {
          "schema_version": 0,
          "attributes": {
            "action": "lambda:InvokeFunction",
            "event_source_token": null,
            "function_name": "arn:aws:lambda:us-east-1:458034212401:function:get_calendar_event",
            "id": "AllowExecutionFromAPIGateway",
            "principal": "apigateway.amazonaws.com",
            "qualifier": "",
            "source_account": null,
            "source_arn": "arn:aws:execute-api:us-east-1:458034212401:i2xqcckk53/*/*/*",
            "statement_id": "AllowExecutionFromAPIGateway",
            "statement_id_prefix": null
          },
          "private": "bnVsbA==",
          "dependencies": [
            "aws_api_gateway_rest_api.ropc_api",
            "aws_iam_role.iam_for_lambda",
            "aws_lambda_function.get_calendar_event"
          ]
        }
      ]
    }
  ]
}
